
Microsoft Visual Studio Solution File, Format Version 12.00
# Visual Studio Version 16
VisualStudioVersion = 16.0.30907.101
MinimumVisualStudioVersion = 10.0.40219.1
Project("{FAE04EC0-301F-11D3-BF4B-00C04F79EFBC}") = "PasswordGenerator", "PasswordGenerator.csproj", "{AEFDFDB5-A156-4521-8F0C-E950AE9DF4C6}"
EndProject
Global
	GlobalSection(SolutionConfigurationPlatforms) = preSolution
		Debug|Any CPU = Debug|Any CPU
		Release|Any CPU = Release|Any CPU
	EndGlobalSection
	GlobalSection(ProjectConfigurationPlatforms) = postSolution
		{AEFDFDB5-A156-4521-8F0C-E950AE9DF4C6}.Debug|Any CPU.ActiveCfg = Debug|Any CPU
		{AEFDFDB5-A156-4521-8F0C-E950AE9DF4C6}.Debug|Any CPU.Build.0 = Debug|Any CPU
		{AEFDFDB5-A156-4521-8F0C-E950AE9DF4C6}.Release|Any CPU.ActiveCfg = Release|Any CPU
		{AEFDFDB5-A156-4521-8F0C-E950AE9DF4C6}.Release|Any CPU.Build.0 = Release|Any CPU
	EndGlobalSection
	GlobalSection(SolutionProperties) = preSolution
		HideSolutionNode = FALSE
	EndGlobalSection
	GlobalSection(ExtensibilityGlobals) = postSolution
		SolutionGuid = {F3BCF4E0-9DB6-4EEC-AB3A-F2395137B4FA}
	EndGlobalSection
EndGlobal
